
Microsoft Visual Studio Solution File, Format Version 12.00
# Visual Studio 2013
VisualStudioVersion = 12.0.31101.0
MinimumVisualStudioVersion = 10.0.40219.1
Project("{FAE04EC0-301F-11D3-BF4B-00C04F79EFBC}") = "VNAppServer", "VNAppServer\VNAppServer.csproj", "{ADB5F087-831D-454E-8160-FF025EEFE123}"
EndProject
Project("{FAE04EC0-301F-11D3-BF4B-00C04F79EFBC}") = "VNAppServer.Common", "VNAppServer.Common\VNAppServer.Common.csproj", "{397FFBF5-67DC-4DCF-BBDE-A145F99BE2D2}"
EndProject
Project("{FAE04EC0-301F-11D3-BF4B-00C04F79EFBC}") = "VNAppServer.Configuration", "VNAppServer.Configuration\VNAppServer.Configuration.csproj", "{DE24D260-5E5E-47CD-B340-B34BC6C2E465}"
EndProject
Project("{FAE04EC0-301F-11D3-BF4B-00C04F79EFBC}") = "VNAppServer.ClientProxy", "VNAppServer.ClientProxy\VNAppServer.ClientProxy.csproj", "{D21C41E6-A1F7-43EA-B632-039C9D040FDE}"
EndProject
Project("{FAE04EC0-301F-11D3-BF4B-00C04F79EFBC}") = "VNAppServer.ConsoleHost", "VNAppServer.ConsoleHost\VNAppServer.ConsoleHost.csproj", "{DCB0C94F-3F94-46B1-9151-E4C9EE797C71}"
EndProject
Project("{FAE04EC0-301F-11D3-BF4B-00C04F79EFBC}") = "VNAppServer.ConsoleClient", "VNAppServer.ConsoleClient\VNAppServer.ConsoleClient.csproj", "{85D5CF01-B380-418B-8640-74767BB4D071}"
EndProject
Project("{FAE04EC0-301F-11D3-BF4B-00C04F79EFBC}") = "VNAppServer.Anatoli.Common", "VNAppServer.Anatoli.Common\VNAppServer.Anatoli.Common.csproj", "{6A231A4C-F960-4A7C-A6ED-120DCEA3D49E}"
EndProject
Global
	GlobalSection(SolutionConfigurationPlatforms) = preSolution
		Debug|Any CPU = Debug|Any CPU
		Debug|Mixed Platforms = Debug|Mixed Platforms
		Debug|x86 = Debug|x86
		Release|Any CPU = Release|Any CPU
		Release|Mixed Platforms = Release|Mixed Platforms
		Release|x86 = Release|x86
	EndGlobalSection
	GlobalSection(ProjectConfigurationPlatforms) = postSolution
		{ADB5F087-831D-454E-8160-FF025EEFE123}.Debug|Any CPU.ActiveCfg = Debug|x86
		{ADB5F087-831D-454E-8160-FF025EEFE123}.Debug|Mixed Platforms.ActiveCfg = Debug|x86
		{ADB5F087-831D-454E-8160-FF025EEFE123}.Debug|Mixed Platforms.Build.0 = Debug|x86
		{ADB5F087-831D-454E-8160-FF025EEFE123}.Debug|x86.ActiveCfg = Debug|x86
		{ADB5F087-831D-454E-8160-FF025EEFE123}.Debug|x86.Build.0 = Debug|x86
		{ADB5F087-831D-454E-8160-FF025EEFE123}.Release|Any CPU.ActiveCfg = Release|x86
		{ADB5F087-831D-454E-8160-FF025EEFE123}.Release|Mixed Platforms.ActiveCfg = Release|x86
		{ADB5F087-831D-454E-8160-FF025EEFE123}.Release|Mixed Platforms.Build.0 = Release|x86
		{ADB5F087-831D-454E-8160-FF025EEFE123}.Release|x86.ActiveCfg = Release|x86
		{ADB5F087-831D-454E-8160-FF025EEFE123}.Release|x86.Build.0 = Release|x86
		{397FFBF5-67DC-4DCF-BBDE-A145F99BE2D2}.Debug|Any CPU.ActiveCfg = Debug|Any CPU
		{397FFBF5-67DC-4DCF-BBDE-A145F99BE2D2}.Debug|Any CPU.Build.0 = Debug|Any CPU
		{397FFBF5-67DC-4DCF-BBDE-A145F99BE2D2}.Debug|Mixed Platforms.ActiveCfg = Debug|Any CPU
		{397FFBF5-67DC-4DCF-BBDE-A145F99BE2D2}.Debug|Mixed Platforms.Build.0 = Debug|Any CPU
		{397FFBF5-67DC-4DCF-BBDE-A145F99BE2D2}.Debug|x86.ActiveCfg = Debug|Any CPU
		{397FFBF5-67DC-4DCF-BBDE-A145F99BE2D2}.Release|Any CPU.ActiveCfg = Release|Any CPU
		{397FFBF5-67DC-4DCF-BBDE-A145F99BE2D2}.Release|Any CPU.Build.0 = Release|Any CPU
		{397FFBF5-67DC-4DCF-BBDE-A145F99BE2D2}.Release|Mixed Platforms.ActiveCfg = Release|Any CPU
		{397FFBF5-67DC-4DCF-BBDE-A145F99BE2D2}.Release|Mixed Platforms.Build.0 = Release|Any CPU
		{397FFBF5-67DC-4DCF-BBDE-A145F99BE2D2}.Release|x86.ActiveCfg = Release|Any CPU
		{DE24D260-5E5E-47CD-B340-B34BC6C2E465}.Debug|Any CPU.ActiveCfg = Debug|Any CPU
		{DE24D260-5E5E-47CD-B340-B34BC6C2E465}.Debug|Any CPU.Build.0 = Debug|Any CPU
		{DE24D260-5E5E-47CD-B340-B34BC6C2E465}.Debug|Mixed Platforms.ActiveCfg = Debug|Any CPU
		{DE24D260-5E5E-47CD-B340-B34BC6C2E465}.Debug|Mixed Platforms.Build.0 = Debug|Any CPU
		{DE24D260-5E5E-47CD-B340-B34BC6C2E465}.Debug|x86.ActiveCfg = Debug|Any CPU
		{DE24D260-5E5E-47CD-B340-B34BC6C2E465}.Release|Any CPU.ActiveCfg = Release|Any CPU
		{DE24D260-5E5E-47CD-B340-B34BC6C2E465}.Release|Any CPU.Build.0 = Release|Any CPU
		{DE24D260-5E5E-47CD-B340-B34BC6C2E465}.Release|Mixed Platforms.ActiveCfg = Release|Any CPU
		{DE24D260-5E5E-47CD-B340-B34BC6C2E465}.Release|Mixed Platforms.Build.0 = Release|Any CPU
		{DE24D260-5E5E-47CD-B340-B34BC6C2E465}.Release|x86.ActiveCfg = Release|Any CPU
		{D21C41E6-A1F7-43EA-B632-039C9D040FDE}.Debug|Any CPU.ActiveCfg = Debug|Any CPU
		{D21C41E6-A1F7-43EA-B632-039C9D040FDE}.Debug|Any CPU.Build.0 = Debug|Any CPU
		{D21C41E6-A1F7-43EA-B632-039C9D040FDE}.Debug|Mixed Platforms.ActiveCfg = Debug|Any CPU
		{D21C41E6-A1F7-43EA-B632-039C9D040FDE}.Debug|Mixed Platforms.Build.0 = Debug|Any CPU
		{D21C41E6-A1F7-43EA-B632-039C9D040FDE}.Debug|x86.ActiveCfg = Debug|Any CPU
		{D21C41E6-A1F7-43EA-B632-039C9D040FDE}.Release|Any CPU.ActiveCfg = Release|Any CPU
		{D21C41E6-A1F7-43EA-B632-039C9D040FDE}.Release|Any CPU.Build.0 = Release|Any CPU
		{D21C41E6-A1F7-43EA-B632-039C9D040FDE}.Release|Mixed Platforms.ActiveCfg = Release|Any CPU
		{D21C41E6-A1F7-43EA-B632-039C9D040FDE}.Release|Mixed Platforms.Build.0 = Release|Any CPU
		{D21C41E6-A1F7-43EA-B632-039C9D040FDE}.Release|x86.ActiveCfg = Release|Any CPU
		{DCB0C94F-3F94-46B1-9151-E4C9EE797C71}.Debug|Any CPU.ActiveCfg = Debug|x86
		{DCB0C94F-3F94-46B1-9151-E4C9EE797C71}.Debug|Mixed Platforms.ActiveCfg = Debug|x86
		{DCB0C94F-3F94-46B1-9151-E4C9EE797C71}.Debug|Mixed Platforms.Build.0 = Debug|x86
		{DCB0C94F-3F94-46B1-9151-E4C9EE797C71}.Debug|x86.ActiveCfg = Debug|x86
		{DCB0C94F-3F94-46B1-9151-E4C9EE797C71}.Debug|x86.Build.0 = Debug|x86
		{DCB0C94F-3F94-46B1-9151-E4C9EE797C71}.Release|Any CPU.ActiveCfg = Release|x86
		{DCB0C94F-3F94-46B1-9151-E4C9EE797C71}.Release|Mixed Platforms.ActiveCfg = Release|x86
		{DCB0C94F-3F94-46B1-9151-E4C9EE797C71}.Release|Mixed Platforms.Build.0 = Release|x86
		{DCB0C94F-3F94-46B1-9151-E4C9EE797C71}.Release|x86.ActiveCfg = Release|x86
		{DCB0C94F-3F94-46B1-9151-E4C9EE797C71}.Release|x86.Build.0 = Release|x86
		{85D5CF01-B380-418B-8640-74767BB4D071}.Debug|Any CPU.ActiveCfg = Debug|x86
		{85D5CF01-B380-418B-8640-74767BB4D071}.Debug|Mixed Platforms.ActiveCfg = Debug|x86
		{85D5CF01-B380-418B-8640-74767BB4D071}.Debug|Mixed Platforms.Build.0 = Debug|x86
		{85D5CF01-B380-418B-8640-74767BB4D071}.Debug|x86.ActiveCfg = Debug|x86
		{85D5CF01-B380-418B-8640-74767BB4D071}.Debug|x86.Build.0 = Debug|x86
		{85D5CF01-B380-418B-8640-74767BB4D071}.Release|Any CPU.ActiveCfg = Release|x86
		{85D5CF01-B380-418B-8640-74767BB4D071}.Release|Mixed Platforms.ActiveCfg = Release|x86
		{85D5CF01-B380-418B-8640-74767BB4D071}.Release|Mixed Platforms.Build.0 = Release|x86
		{85D5CF01-B380-418B-8640-74767BB4D071}.Release|x86.ActiveCfg = Release|x86
		{85D5CF01-B380-418B-8640-74767BB4D071}.Release|x86.Build.0 = Release|x86
		{6A231A4C-F960-4A7C-A6ED-120DCEA3D49E}.Debug|Any CPU.ActiveCfg = Debug|Any CPU
		{6A231A4C-F960-4A7C-A6ED-120DCEA3D49E}.Debug|Any CPU.Build.0 = Debug|Any CPU
		{6A231A4C-F960-4A7C-A6ED-120DCEA3D49E}.Debug|Mixed Platforms.ActiveCfg = Debug|Any CPU
		{6A231A4C-F960-4A7C-A6ED-120DCEA3D49E}.Debug|Mixed Platforms.Build.0 = Debug|Any CPU
		{6A231A4C-F960-4A7C-A6ED-120DCEA3D49E}.Debug|x86.ActiveCfg = Debug|Any CPU
		{6A231A4C-F960-4A7C-A6ED-120DCEA3D49E}.Release|Any CPU.ActiveCfg = Release|Any CPU
		{6A231A4C-F960-4A7C-A6ED-120DCEA3D49E}.Release|Any CPU.Build.0 = Release|Any CPU
		{6A231A4C-F960-4A7C-A6ED-120DCEA3D49E}.Release|Mixed Platforms.ActiveCfg = Release|Any CPU
		{6A231A4C-F960-4A7C-A6ED-120DCEA3D49E}.Release|Mixed Platforms.Build.0 = Release|Any CPU
		{6A231A4C-F960-4A7C-A6ED-120DCEA3D49E}.Release|x86.ActiveCfg = Release|Any CPU
	EndGlobalSection
	GlobalSection(SolutionProperties) = preSolution
		HideSolutionNode = FALSE
	EndGlobalSection
EndGlobal
