
Microsoft Visual Studio Solution File, Format Version 12.00
# Visual Studio 2013
VisualStudioVersion = 12.0.40629.0
MinimumVisualStudioVersion = 10.0.40219.1
Project("{FAE04EC0-301F-11D3-BF4B-00C04F79EFBC}") = "Anatoli.Cloud.WebApi", "Anatoli.Cloud.WebApi\Anatoli.Cloud.WebApi.csproj", "{FE46F959-09B9-4182-9AEC-E66364EFC1AC}"
EndProject
Project("{FAE04EC0-301F-11D3-BF4B-00C04F79EFBC}") = "Anatoli.DataAccess", "Anatoli.DataAccess\Anatoli.DataAccess.csproj", "{507DB6C2-A55A-4557-8DD6-7187C868ACA9}"
EndProject
Project("{2150E333-8FDC-42A3-9474-1A3956D46DE8}") = "TestApp", "TestApp", "{C89776FD-09E5-4963-9E89-E768CF0CB08B}"
	ProjectSection(SolutionItems) = preProject
		Readme.txt = Readme.txt
	EndProjectSection
EndProject
Project("{FAE04EC0-301F-11D3-BF4B-00C04F79EFBC}") = "AnatoliUnitTests", "AnatoliUnitTests\AnatoliUnitTests.csproj", "{58A467A1-D24E-4652-A622-2C2075C09E45}"
EndProject
Project("{FAE04EC0-301F-11D3-BF4B-00C04F79EFBC}") = "Anatoli.Business", "Anatoli.Business\Anatoli.Business.csproj", "{DFF1618B-521D-4DD3-9485-FBE4C41EAF42}"
EndProject
Project("{FAE04EC0-301F-11D3-BF4B-00C04F79EFBC}") = "Anatoli.ViewModels", "Anatoli.ViewModels\Anatoli.ViewModels.csproj", "{113C8748-E1FB-42EF-9D33-77F5F0D0C0E1}"
EndProject
Project("{FAE04EC0-301F-11D3-BF4B-00C04F79EFBC}") = "Anatoli.PMC.DataAccess", "Anatoli.PMC.DataAccess\Anatoli.PMC.DataAccess.csproj", "{1F2144A0-F98C-4D81-A738-DCCD8E4E1C59}"
EndProject
Project("{FAE04EC0-301F-11D3-BF4B-00C04F79EFBC}") = "Anatoli.PMC.ViewModels", "Anatoli.PMC.ViewModels\Anatoli.PMC.ViewModels.csproj", "{E22AF1CB-59A4-4182-9D05-D71D9F459764}"
EndProject
Project("{FAE04EC0-301F-11D3-BF4B-00C04F79EFBC}") = "Anatoli.PMC.Business", "Anatoli.PMC.Business\Anatoli.PMC.Business.csproj", "{47D02EB7-3284-4B5D-8D27-9A190FB95980}"
EndProject
Project("{FAE04EC0-301F-11D3-BF4B-00C04F79EFBC}") = "Thunderstruck", "Thunderstruck\Thunderstruck.csproj", "{0DC5AB48-1DA5-4185-A18E-46C111A82454}"
EndProject
Project("{FAE04EC0-301F-11D3-BF4B-00C04F79EFBC}") = "Anatoli.Rastak.Business", "Anatoli.Rastak.Business\Anatoli.Rastak.Business.csproj", "{7C2C276C-FEBB-4212-B2C6-343E1FCC48C5}"
EndProject
Project("{FAE04EC0-301F-11D3-BF4B-00C04F79EFBC}") = "Anatoli.Rastak.DataAccess", "Anatoli.Rastak.DataAccess\Anatoli.Rastak.DataAccess.csproj", "{50715B5E-6345-4768-80BE-BD5FB411D189}"
EndProject
Project("{FAE04EC0-301F-11D3-BF4B-00C04F79EFBC}") = "Anatoli.Rastak.ViewModels", "Anatoli.Rastak.ViewModels\Anatoli.Rastak.ViewModels.csproj", "{A7938BCC-748B-43D8-859D-F62DFBF642EF}"
EndProject
Project("{FAE04EC0-301F-11D3-BF4B-00C04F79EFBC}") = "Anatoli.DMC.Business", "Anatoli.DMC.Business\Anatoli.DMC.Business.csproj", "{9302997D-6FED-4E0D-B2D4-A7628B101E79}"
EndProject
Project("{FAE04EC0-301F-11D3-BF4B-00C04F79EFBC}") = "Anatoli.DMC.DataAccess", "Anatoli.DMC.DataAccess\Anatoli.DMC.DataAccess.csproj", "{0B953108-CCEE-4FB2-B6CA-583F9A6F0A4B}"
EndProject
Project("{FAE04EC0-301F-11D3-BF4B-00C04F79EFBC}") = "Anatoli.DMC.ViewModels", "Anatoli.DMC.ViewModels\Anatoli.DMC.ViewModels.csproj", "{BCDE0E1E-9E20-4DCA-B20B-63705CEB57BD}"
EndProject
Project("{FAE04EC0-301F-11D3-BF4B-00C04F79EFBC}") = "Anatoli.SDS.Business", "Anatoli.SDS.Business\Anatoli.SDS.Business.csproj", "{7A486B94-ADA3-4F18-83A2-8EE7B4DE9C11}"
EndProject
Project("{FAE04EC0-301F-11D3-BF4B-00C04F79EFBC}") = "Anatoli.SDS.ViewModels", "Anatoli.SDS.ViewModels\Anatoli.SDS.ViewModels.csproj", "{EEEBEF7D-7124-4477-8ACF-B9373028AEB8}"
EndProject
Project("{FAE04EC0-301F-11D3-BF4B-00C04F79EFBC}") = "Anatoli.SDS.DataAccess", "Anatoli.SDS.DataAccess\Anatoli.SDS.DataAccess.csproj", "{EFAB4A0F-CD57-4A97-A36D-8BE89890D0EE}"
EndProject
Global
	GlobalSection(SolutionConfigurationPlatforms) = preSolution
		Debug|Any CPU = Debug|Any CPU
		Release|Any CPU = Release|Any CPU
	EndGlobalSection
	GlobalSection(ProjectConfigurationPlatforms) = postSolution
		{FE46F959-09B9-4182-9AEC-E66364EFC1AC}.Debug|Any CPU.ActiveCfg = Debug|Any CPU
		{FE46F959-09B9-4182-9AEC-E66364EFC1AC}.Debug|Any CPU.Build.0 = Debug|Any CPU
		{FE46F959-09B9-4182-9AEC-E66364EFC1AC}.Release|Any CPU.ActiveCfg = Release|Any CPU
		{FE46F959-09B9-4182-9AEC-E66364EFC1AC}.Release|Any CPU.Build.0 = Release|Any CPU
		{507DB6C2-A55A-4557-8DD6-7187C868ACA9}.Debug|Any CPU.ActiveCfg = Debug|Any CPU
		{507DB6C2-A55A-4557-8DD6-7187C868ACA9}.Debug|Any CPU.Build.0 = Debug|Any CPU
		{507DB6C2-A55A-4557-8DD6-7187C868ACA9}.Release|Any CPU.ActiveCfg = Release|Any CPU
		{507DB6C2-A55A-4557-8DD6-7187C868ACA9}.Release|Any CPU.Build.0 = Release|Any CPU
		{58A467A1-D24E-4652-A622-2C2075C09E45}.Debug|Any CPU.ActiveCfg = Debug|Any CPU
		{58A467A1-D24E-4652-A622-2C2075C09E45}.Debug|Any CPU.Build.0 = Debug|Any CPU
		{58A467A1-D24E-4652-A622-2C2075C09E45}.Release|Any CPU.ActiveCfg = Release|Any CPU
		{58A467A1-D24E-4652-A622-2C2075C09E45}.Release|Any CPU.Build.0 = Release|Any CPU
		{DFF1618B-521D-4DD3-9485-FBE4C41EAF42}.Debug|Any CPU.ActiveCfg = Debug|Any CPU
		{DFF1618B-521D-4DD3-9485-FBE4C41EAF42}.Debug|Any CPU.Build.0 = Debug|Any CPU
		{DFF1618B-521D-4DD3-9485-FBE4C41EAF42}.Release|Any CPU.ActiveCfg = Release|Any CPU
		{DFF1618B-521D-4DD3-9485-FBE4C41EAF42}.Release|Any CPU.Build.0 = Release|Any CPU
		{113C8748-E1FB-42EF-9D33-77F5F0D0C0E1}.Debug|Any CPU.ActiveCfg = Debug|Any CPU
		{113C8748-E1FB-42EF-9D33-77F5F0D0C0E1}.Debug|Any CPU.Build.0 = Debug|Any CPU
		{113C8748-E1FB-42EF-9D33-77F5F0D0C0E1}.Release|Any CPU.ActiveCfg = Release|Any CPU
		{113C8748-E1FB-42EF-9D33-77F5F0D0C0E1}.Release|Any CPU.Build.0 = Release|Any CPU
		{1F2144A0-F98C-4D81-A738-DCCD8E4E1C59}.Debug|Any CPU.ActiveCfg = Debug|Any CPU
		{1F2144A0-F98C-4D81-A738-DCCD8E4E1C59}.Debug|Any CPU.Build.0 = Debug|Any CPU
		{1F2144A0-F98C-4D81-A738-DCCD8E4E1C59}.Release|Any CPU.ActiveCfg = Release|Any CPU
		{1F2144A0-F98C-4D81-A738-DCCD8E4E1C59}.Release|Any CPU.Build.0 = Release|Any CPU
		{E22AF1CB-59A4-4182-9D05-D71D9F459764}.Debug|Any CPU.ActiveCfg = Debug|Any CPU
		{E22AF1CB-59A4-4182-9D05-D71D9F459764}.Debug|Any CPU.Build.0 = Debug|Any CPU
		{E22AF1CB-59A4-4182-9D05-D71D9F459764}.Release|Any CPU.ActiveCfg = Release|Any CPU
		{E22AF1CB-59A4-4182-9D05-D71D9F459764}.Release|Any CPU.Build.0 = Release|Any CPU
		{47D02EB7-3284-4B5D-8D27-9A190FB95980}.Debug|Any CPU.ActiveCfg = Debug|Any CPU
		{47D02EB7-3284-4B5D-8D27-9A190FB95980}.Debug|Any CPU.Build.0 = Debug|Any CPU
		{47D02EB7-3284-4B5D-8D27-9A190FB95980}.Release|Any CPU.ActiveCfg = Release|Any CPU
		{47D02EB7-3284-4B5D-8D27-9A190FB95980}.Release|Any CPU.Build.0 = Release|Any CPU
		{0DC5AB48-1DA5-4185-A18E-46C111A82454}.Debug|Any CPU.ActiveCfg = Debug|Any CPU
		{0DC5AB48-1DA5-4185-A18E-46C111A82454}.Debug|Any CPU.Build.0 = Debug|Any CPU
		{0DC5AB48-1DA5-4185-A18E-46C111A82454}.Release|Any CPU.ActiveCfg = Release|Any CPU
		{0DC5AB48-1DA5-4185-A18E-46C111A82454}.Release|Any CPU.Build.0 = Release|Any CPU
		{7C2C276C-FEBB-4212-B2C6-343E1FCC48C5}.Debug|Any CPU.ActiveCfg = Debug|Any CPU
		{7C2C276C-FEBB-4212-B2C6-343E1FCC48C5}.Debug|Any CPU.Build.0 = Debug|Any CPU
		{7C2C276C-FEBB-4212-B2C6-343E1FCC48C5}.Release|Any CPU.ActiveCfg = Release|Any CPU
		{7C2C276C-FEBB-4212-B2C6-343E1FCC48C5}.Release|Any CPU.Build.0 = Release|Any CPU
		{50715B5E-6345-4768-80BE-BD5FB411D189}.Debug|Any CPU.ActiveCfg = Debug|Any CPU
		{50715B5E-6345-4768-80BE-BD5FB411D189}.Debug|Any CPU.Build.0 = Debug|Any CPU
		{50715B5E-6345-4768-80BE-BD5FB411D189}.Release|Any CPU.ActiveCfg = Release|Any CPU
		{50715B5E-6345-4768-80BE-BD5FB411D189}.Release|Any CPU.Build.0 = Release|Any CPU
		{A7938BCC-748B-43D8-859D-F62DFBF642EF}.Debug|Any CPU.ActiveCfg = Debug|Any CPU
		{A7938BCC-748B-43D8-859D-F62DFBF642EF}.Debug|Any CPU.Build.0 = Debug|Any CPU
		{A7938BCC-748B-43D8-859D-F62DFBF642EF}.Release|Any CPU.ActiveCfg = Release|Any CPU
		{A7938BCC-748B-43D8-859D-F62DFBF642EF}.Release|Any CPU.Build.0 = Release|Any CPU
		{9302997D-6FED-4E0D-B2D4-A7628B101E79}.Debug|Any CPU.ActiveCfg = Debug|Any CPU
		{9302997D-6FED-4E0D-B2D4-A7628B101E79}.Debug|Any CPU.Build.0 = Debug|Any CPU
		{9302997D-6FED-4E0D-B2D4-A7628B101E79}.Release|Any CPU.ActiveCfg = Release|Any CPU
		{9302997D-6FED-4E0D-B2D4-A7628B101E79}.Release|Any CPU.Build.0 = Release|Any CPU
		{0B953108-CCEE-4FB2-B6CA-583F9A6F0A4B}.Debug|Any CPU.ActiveCfg = Debug|Any CPU
		{0B953108-CCEE-4FB2-B6CA-583F9A6F0A4B}.Debug|Any CPU.Build.0 = Debug|Any CPU
		{0B953108-CCEE-4FB2-B6CA-583F9A6F0A4B}.Release|Any CPU.ActiveCfg = Release|Any CPU
		{0B953108-CCEE-4FB2-B6CA-583F9A6F0A4B}.Release|Any CPU.Build.0 = Release|Any CPU
		{BCDE0E1E-9E20-4DCA-B20B-63705CEB57BD}.Debug|Any CPU.ActiveCfg = Debug|Any CPU
		{BCDE0E1E-9E20-4DCA-B20B-63705CEB57BD}.Debug|Any CPU.Build.0 = Debug|Any CPU
		{BCDE0E1E-9E20-4DCA-B20B-63705CEB57BD}.Release|Any CPU.ActiveCfg = Release|Any CPU
		{BCDE0E1E-9E20-4DCA-B20B-63705CEB57BD}.Release|Any CPU.Build.0 = Release|Any CPU
		{7A486B94-ADA3-4F18-83A2-8EE7B4DE9C11}.Debug|Any CPU.ActiveCfg = Debug|Any CPU
		{7A486B94-ADA3-4F18-83A2-8EE7B4DE9C11}.Debug|Any CPU.Build.0 = Debug|Any CPU
		{7A486B94-ADA3-4F18-83A2-8EE7B4DE9C11}.Release|Any CPU.ActiveCfg = Release|Any CPU
		{7A486B94-ADA3-4F18-83A2-8EE7B4DE9C11}.Release|Any CPU.Build.0 = Release|Any CPU
		{EEEBEF7D-7124-4477-8ACF-B9373028AEB8}.Debug|Any CPU.ActiveCfg = Debug|Any CPU
		{EEEBEF7D-7124-4477-8ACF-B9373028AEB8}.Debug|Any CPU.Build.0 = Debug|Any CPU
		{EEEBEF7D-7124-4477-8ACF-B9373028AEB8}.Release|Any CPU.ActiveCfg = Release|Any CPU
		{EEEBEF7D-7124-4477-8ACF-B9373028AEB8}.Release|Any CPU.Build.0 = Release|Any CPU
		{EFAB4A0F-CD57-4A97-A36D-8BE89890D0EE}.Debug|Any CPU.ActiveCfg = Debug|Any CPU
		{EFAB4A0F-CD57-4A97-A36D-8BE89890D0EE}.Debug|Any CPU.Build.0 = Debug|Any CPU
		{EFAB4A0F-CD57-4A97-A36D-8BE89890D0EE}.Release|Any CPU.ActiveCfg = Release|Any CPU
		{EFAB4A0F-CD57-4A97-A36D-8BE89890D0EE}.Release|Any CPU.Build.0 = Release|Any CPU
	EndGlobalSection
	GlobalSection(SolutionProperties) = preSolution
		HideSolutionNode = FALSE
	EndGlobalSection
	GlobalSection(NestedProjects) = preSolution
		{58A467A1-D24E-4652-A622-2C2075C09E45} = {C89776FD-09E5-4963-9E89-E768CF0CB08B}
	EndGlobalSection
EndGlobal
