
Microsoft Visual Studio Solution File, Format Version 12.00
# Visual Studio 14
VisualStudioVersion = 14.0.24720.0
MinimumVisualStudioVersion = 10.0.40219.1
Project("{FAE04EC0-301F-11D3-BF4B-00C04F79EFBC}") = "Anatoli.IdentityServer", "IdentityManager\Anatoli.IdentityServer.csproj", "{66427FB5-20B2-4C37-B4EF-628A8C6F26F3}"
EndProject
Project("{2150E333-8FDC-42A3-9474-1A3956D46DE8}") = "Samples", "Samples", "{0CFFA7A2-79F0-42BA-BEB8-52E2FC28A249}"
EndProject
Project("{FAE04EC0-301F-11D3-BF4B-00C04F79EFBC}") = "JavaScript Client Manual", "Samples\JavaScriptImplicitClient Manual\JavaScript Client Manual.csproj", "{0109EFFE-B823-47C0-A27D-6DFD7B7169F2}"
	ProjectSection(ProjectDependencies) = postProject
		{66427FB5-20B2-4C37-B4EF-628A8C6F26F3} = {66427FB5-20B2-4C37-B4EF-628A8C6F26F3}
	EndProjectSection
EndProject
Project("{FAE04EC0-301F-11D3-BF4B-00C04F79EFBC}") = "Sample Web API", "Samples\SampleAspNetWebApi\Sample Web API.csproj", "{C8CD1733-783A-4655-814B-9CF7FD7FDFE8}"
	ProjectSection(ProjectDependencies) = postProject
		{66427FB5-20B2-4C37-B4EF-628A8C6F26F3} = {66427FB5-20B2-4C37-B4EF-628A8C6F26F3}
	EndProjectSection
EndProject
Global
	GlobalSection(SolutionConfigurationPlatforms) = preSolution
		Debug|Any CPU = Debug|Any CPU
		Release|Any CPU = Release|Any CPU
	EndGlobalSection
	GlobalSection(ProjectConfigurationPlatforms) = postSolution
		{66427FB5-20B2-4C37-B4EF-628A8C6F26F3}.Debug|Any CPU.ActiveCfg = Debug|Any CPU
		{66427FB5-20B2-4C37-B4EF-628A8C6F26F3}.Debug|Any CPU.Build.0 = Debug|Any CPU
		{66427FB5-20B2-4C37-B4EF-628A8C6F26F3}.Release|Any CPU.ActiveCfg = Release|Any CPU
		{66427FB5-20B2-4C37-B4EF-628A8C6F26F3}.Release|Any CPU.Build.0 = Release|Any CPU
		{0109EFFE-B823-47C0-A27D-6DFD7B7169F2}.Debug|Any CPU.ActiveCfg = Debug|Any CPU
		{0109EFFE-B823-47C0-A27D-6DFD7B7169F2}.Debug|Any CPU.Build.0 = Debug|Any CPU
		{0109EFFE-B823-47C0-A27D-6DFD7B7169F2}.Release|Any CPU.ActiveCfg = Release|Any CPU
		{0109EFFE-B823-47C0-A27D-6DFD7B7169F2}.Release|Any CPU.Build.0 = Release|Any CPU
		{C8CD1733-783A-4655-814B-9CF7FD7FDFE8}.Debug|Any CPU.ActiveCfg = Debug|Any CPU
		{C8CD1733-783A-4655-814B-9CF7FD7FDFE8}.Debug|Any CPU.Build.0 = Debug|Any CPU
		{C8CD1733-783A-4655-814B-9CF7FD7FDFE8}.Release|Any CPU.ActiveCfg = Release|Any CPU
		{C8CD1733-783A-4655-814B-9CF7FD7FDFE8}.Release|Any CPU.Build.0 = Release|Any CPU
	EndGlobalSection
	GlobalSection(SolutionProperties) = preSolution
		HideSolutionNode = FALSE
	EndGlobalSection
	GlobalSection(NestedProjects) = preSolution
		{0109EFFE-B823-47C0-A27D-6DFD7B7169F2} = {0CFFA7A2-79F0-42BA-BEB8-52E2FC28A249}
		{C8CD1733-783A-4655-814B-9CF7FD7FDFE8} = {0CFFA7A2-79F0-42BA-BEB8-52E2FC28A249}
	EndGlobalSection
EndGlobal
