
Microsoft Visual Studio Solution File, Format Version 12.00
# Visual Studio 2013
VisualStudioVersion = 12.0.31101.0
MinimumVisualStudioVersion = 10.0.40219.1
Project("{2150E333-8FDC-42A3-9474-1A3956D46DE8}") = "ChainStore", "ChainStore", "{BACD8BBC-7D45-416B-B248-7DA86A4DD9A3}"
EndProject
Project("{FAE04EC0-301F-11D3-BF4B-00C04F79EFBC}") = "Anatoli.Gateway.ChainStore.VN.DataAccess", "ChainStore\VN\Anatoli.Gateway.ChainStore.VN.DataAccess\Anatoli.Gateway.ChainStore.VN.DataAccess.csproj", "{1AD8C7B0-4B34-4452-A6C1-0871AC648002}"
EndProject
Global
	GlobalSection(SolutionConfigurationPlatforms) = preSolution
		Debug|Any CPU = Debug|Any CPU
		Release|Any CPU = Release|Any CPU
	EndGlobalSection
	GlobalSection(ProjectConfigurationPlatforms) = postSolution
		{1AD8C7B0-4B34-4452-A6C1-0871AC648002}.Debug|Any CPU.ActiveCfg = Debug|Any CPU
		{1AD8C7B0-4B34-4452-A6C1-0871AC648002}.Debug|Any CPU.Build.0 = Debug|Any CPU
		{1AD8C7B0-4B34-4452-A6C1-0871AC648002}.Release|Any CPU.ActiveCfg = Release|Any CPU
		{1AD8C7B0-4B34-4452-A6C1-0871AC648002}.Release|Any CPU.Build.0 = Release|Any CPU
	EndGlobalSection
	GlobalSection(SolutionProperties) = preSolution
		HideSolutionNode = FALSE
	EndGlobalSection
	GlobalSection(NestedProjects) = preSolution
		{1AD8C7B0-4B34-4452-A6C1-0871AC648002} = {BACD8BBC-7D45-416B-B248-7DA86A4DD9A3}
	EndGlobalSection
EndGlobal
