
Microsoft Visual Studio Solution File, Format Version 12.00
# Visual Studio 2013
VisualStudioVersion = 12.0.31101.0
MinimumVisualStudioVersion = 10.0.40219.1
Project("{FAE04EC0-301F-11D3-BF4B-00C04F79EFBC}") = "Anatoli", "Anatoli\Anatoli.csproj", "{7652423F-F5E3-4A1A-958F-7331C42AE409}"
EndProject
Project("{FAE04EC0-301F-11D3-BF4B-00C04F79EFBC}") = "GenerateDbFile", "GenerateDbFile\GenerateDbFile.csproj", "{DCBD924F-F770-44FF-BA36-12534114EF59}"
EndProject
Project("{FAE04EC0-301F-11D3-BF4B-00C04F79EFBC}") = "AnatoliAndroid", "AnatoliAndroid\AnatoliAndroid\AnatoliAndroid.csproj", "{90745782-5D4B-4704-994C-0AE11D293270}"
	ProjectSection(ProjectDependencies) = postProject
		{DCBD924F-F770-44FF-BA36-12534114EF59} = {DCBD924F-F770-44FF-BA36-12534114EF59}
	EndProjectSection
EndProject
Project("{FAE04EC0-301F-11D3-BF4B-00C04F79EFBC}") = "AnatoliiOS", "AnatoliiOS\AnatoliiOS\AnatoliiOS.csproj", "{DCD09434-6B05-4949-AD0F-6C7C9E46CEC8}"
EndProject
Global
	GlobalSection(SolutionConfigurationPlatforms) = preSolution
		Ad-Hoc|Any CPU = Ad-Hoc|Any CPU
		Ad-Hoc|iPhone = Ad-Hoc|iPhone
		Ad-Hoc|iPhoneSimulator = Ad-Hoc|iPhoneSimulator
		Ad-Hoc|Mixed Platforms = Ad-Hoc|Mixed Platforms
		AppStore|Any CPU = AppStore|Any CPU
		AppStore|iPhone = AppStore|iPhone
		AppStore|iPhoneSimulator = AppStore|iPhoneSimulator
		AppStore|Mixed Platforms = AppStore|Mixed Platforms
		Debug|Any CPU = Debug|Any CPU
		Debug|iPhone = Debug|iPhone
		Debug|iPhoneSimulator = Debug|iPhoneSimulator
		Debug|Mixed Platforms = Debug|Mixed Platforms
		Release|Any CPU = Release|Any CPU
		Release|iPhone = Release|iPhone
		Release|iPhoneSimulator = Release|iPhoneSimulator
		Release|Mixed Platforms = Release|Mixed Platforms
	EndGlobalSection
	GlobalSection(ProjectConfigurationPlatforms) = postSolution
		{7652423F-F5E3-4A1A-958F-7331C42AE409}.Ad-Hoc|Any CPU.ActiveCfg = FinalRelease|Any CPU
		{7652423F-F5E3-4A1A-958F-7331C42AE409}.Ad-Hoc|Any CPU.Build.0 = FinalRelease|Any CPU
		{7652423F-F5E3-4A1A-958F-7331C42AE409}.Ad-Hoc|iPhone.ActiveCfg = FinalRelease|Any CPU
		{7652423F-F5E3-4A1A-958F-7331C42AE409}.Ad-Hoc|iPhoneSimulator.ActiveCfg = FinalRelease|Any CPU
		{7652423F-F5E3-4A1A-958F-7331C42AE409}.Ad-Hoc|Mixed Platforms.ActiveCfg = FinalRelease|Any CPU
		{7652423F-F5E3-4A1A-958F-7331C42AE409}.Ad-Hoc|Mixed Platforms.Build.0 = FinalRelease|Any CPU
		{7652423F-F5E3-4A1A-958F-7331C42AE409}.AppStore|Any CPU.ActiveCfg = FinalRelease|Any CPU
		{7652423F-F5E3-4A1A-958F-7331C42AE409}.AppStore|Any CPU.Build.0 = FinalRelease|Any CPU
		{7652423F-F5E3-4A1A-958F-7331C42AE409}.AppStore|iPhone.ActiveCfg = FinalRelease|Any CPU
		{7652423F-F5E3-4A1A-958F-7331C42AE409}.AppStore|iPhoneSimulator.ActiveCfg = FinalRelease|Any CPU
		{7652423F-F5E3-4A1A-958F-7331C42AE409}.AppStore|Mixed Platforms.ActiveCfg = FinalRelease|Any CPU
		{7652423F-F5E3-4A1A-958F-7331C42AE409}.AppStore|Mixed Platforms.Build.0 = FinalRelease|Any CPU
		{7652423F-F5E3-4A1A-958F-7331C42AE409}.Debug|Any CPU.ActiveCfg = Debug|Any CPU
		{7652423F-F5E3-4A1A-958F-7331C42AE409}.Debug|Any CPU.Build.0 = Debug|Any CPU
		{7652423F-F5E3-4A1A-958F-7331C42AE409}.Debug|iPhone.ActiveCfg = Debug|Any CPU
		{7652423F-F5E3-4A1A-958F-7331C42AE409}.Debug|iPhoneSimulator.ActiveCfg = Debug|Any CPU
		{7652423F-F5E3-4A1A-958F-7331C42AE409}.Debug|Mixed Platforms.ActiveCfg = Debug|Any CPU
		{7652423F-F5E3-4A1A-958F-7331C42AE409}.Debug|Mixed Platforms.Build.0 = Debug|Any CPU
		{7652423F-F5E3-4A1A-958F-7331C42AE409}.Release|Any CPU.ActiveCfg = Release|Any CPU
		{7652423F-F5E3-4A1A-958F-7331C42AE409}.Release|Any CPU.Build.0 = Release|Any CPU
		{7652423F-F5E3-4A1A-958F-7331C42AE409}.Release|iPhone.ActiveCfg = Release|Any CPU
		{7652423F-F5E3-4A1A-958F-7331C42AE409}.Release|iPhoneSimulator.ActiveCfg = Release|Any CPU
		{7652423F-F5E3-4A1A-958F-7331C42AE409}.Release|Mixed Platforms.ActiveCfg = Release|Any CPU
		{7652423F-F5E3-4A1A-958F-7331C42AE409}.Release|Mixed Platforms.Build.0 = Release|Any CPU
		{DCBD924F-F770-44FF-BA36-12534114EF59}.Ad-Hoc|Any CPU.ActiveCfg = Release|Any CPU
		{DCBD924F-F770-44FF-BA36-12534114EF59}.Ad-Hoc|Any CPU.Build.0 = Release|Any CPU
		{DCBD924F-F770-44FF-BA36-12534114EF59}.Ad-Hoc|iPhone.ActiveCfg = Release|Any CPU
		{DCBD924F-F770-44FF-BA36-12534114EF59}.Ad-Hoc|iPhoneSimulator.ActiveCfg = Release|Any CPU
		{DCBD924F-F770-44FF-BA36-12534114EF59}.Ad-Hoc|Mixed Platforms.ActiveCfg = Release|Any CPU
		{DCBD924F-F770-44FF-BA36-12534114EF59}.Ad-Hoc|Mixed Platforms.Build.0 = Release|Any CPU
		{DCBD924F-F770-44FF-BA36-12534114EF59}.AppStore|Any CPU.ActiveCfg = Release|Any CPU
		{DCBD924F-F770-44FF-BA36-12534114EF59}.AppStore|Any CPU.Build.0 = Release|Any CPU
		{DCBD924F-F770-44FF-BA36-12534114EF59}.AppStore|iPhone.ActiveCfg = Release|Any CPU
		{DCBD924F-F770-44FF-BA36-12534114EF59}.AppStore|iPhoneSimulator.ActiveCfg = Release|Any CPU
		{DCBD924F-F770-44FF-BA36-12534114EF59}.AppStore|Mixed Platforms.ActiveCfg = Release|Any CPU
		{DCBD924F-F770-44FF-BA36-12534114EF59}.AppStore|Mixed Platforms.Build.0 = Release|Any CPU
		{DCBD924F-F770-44FF-BA36-12534114EF59}.Debug|Any CPU.ActiveCfg = Debug|Any CPU
		{DCBD924F-F770-44FF-BA36-12534114EF59}.Debug|Any CPU.Build.0 = Debug|Any CPU
		{DCBD924F-F770-44FF-BA36-12534114EF59}.Debug|iPhone.ActiveCfg = Debug|Any CPU
		{DCBD924F-F770-44FF-BA36-12534114EF59}.Debug|iPhoneSimulator.ActiveCfg = Debug|Any CPU
		{DCBD924F-F770-44FF-BA36-12534114EF59}.Debug|Mixed Platforms.ActiveCfg = Debug|Any CPU
		{DCBD924F-F770-44FF-BA36-12534114EF59}.Debug|Mixed Platforms.Build.0 = Debug|Any CPU
		{DCBD924F-F770-44FF-BA36-12534114EF59}.Release|Any CPU.ActiveCfg = Release|Any CPU
		{DCBD924F-F770-44FF-BA36-12534114EF59}.Release|Any CPU.Build.0 = Release|Any CPU
		{DCBD924F-F770-44FF-BA36-12534114EF59}.Release|iPhone.ActiveCfg = Release|Any CPU
		{DCBD924F-F770-44FF-BA36-12534114EF59}.Release|iPhoneSimulator.ActiveCfg = Release|Any CPU
		{DCBD924F-F770-44FF-BA36-12534114EF59}.Release|Mixed Platforms.ActiveCfg = Release|Any CPU
		{DCBD924F-F770-44FF-BA36-12534114EF59}.Release|Mixed Platforms.Build.0 = Release|Any CPU
		{90745782-5D4B-4704-994C-0AE11D293270}.Ad-Hoc|Any CPU.ActiveCfg = FinalRelease|Any CPU
		{90745782-5D4B-4704-994C-0AE11D293270}.Ad-Hoc|Any CPU.Build.0 = FinalRelease|Any CPU
		{90745782-5D4B-4704-994C-0AE11D293270}.Ad-Hoc|Any CPU.Deploy.0 = FinalRelease|Any CPU
		{90745782-5D4B-4704-994C-0AE11D293270}.Ad-Hoc|iPhone.ActiveCfg = FinalRelease|Any CPU
		{90745782-5D4B-4704-994C-0AE11D293270}.Ad-Hoc|iPhoneSimulator.ActiveCfg = FinalRelease|Any CPU
		{90745782-5D4B-4704-994C-0AE11D293270}.Ad-Hoc|Mixed Platforms.ActiveCfg = FinalRelease|Any CPU
		{90745782-5D4B-4704-994C-0AE11D293270}.Ad-Hoc|Mixed Platforms.Build.0 = FinalRelease|Any CPU
		{90745782-5D4B-4704-994C-0AE11D293270}.Ad-Hoc|Mixed Platforms.Deploy.0 = FinalRelease|Any CPU
		{90745782-5D4B-4704-994C-0AE11D293270}.AppStore|Any CPU.ActiveCfg = FinalRelease|Any CPU
		{90745782-5D4B-4704-994C-0AE11D293270}.AppStore|Any CPU.Build.0 = FinalRelease|Any CPU
		{90745782-5D4B-4704-994C-0AE11D293270}.AppStore|Any CPU.Deploy.0 = FinalRelease|Any CPU
		{90745782-5D4B-4704-994C-0AE11D293270}.AppStore|iPhone.ActiveCfg = FinalRelease|Any CPU
		{90745782-5D4B-4704-994C-0AE11D293270}.AppStore|iPhoneSimulator.ActiveCfg = FinalRelease|Any CPU
		{90745782-5D4B-4704-994C-0AE11D293270}.AppStore|Mixed Platforms.ActiveCfg = FinalRelease|Any CPU
		{90745782-5D4B-4704-994C-0AE11D293270}.AppStore|Mixed Platforms.Build.0 = FinalRelease|Any CPU
		{90745782-5D4B-4704-994C-0AE11D293270}.AppStore|Mixed Platforms.Deploy.0 = FinalRelease|Any CPU
		{90745782-5D4B-4704-994C-0AE11D293270}.Debug|Any CPU.ActiveCfg = Debug|Any CPU
		{90745782-5D4B-4704-994C-0AE11D293270}.Debug|Any CPU.Build.0 = Debug|Any CPU
		{90745782-5D4B-4704-994C-0AE11D293270}.Debug|Any CPU.Deploy.0 = Debug|Any CPU
		{90745782-5D4B-4704-994C-0AE11D293270}.Debug|iPhone.ActiveCfg = Debug|Any CPU
		{90745782-5D4B-4704-994C-0AE11D293270}.Debug|iPhoneSimulator.ActiveCfg = Debug|Any CPU
		{90745782-5D4B-4704-994C-0AE11D293270}.Debug|Mixed Platforms.ActiveCfg = Debug|Any CPU
		{90745782-5D4B-4704-994C-0AE11D293270}.Debug|Mixed Platforms.Build.0 = Debug|Any CPU
		{90745782-5D4B-4704-994C-0AE11D293270}.Debug|Mixed Platforms.Deploy.0 = Debug|Any CPU
		{90745782-5D4B-4704-994C-0AE11D293270}.Release|Any CPU.ActiveCfg = Release|Any CPU
		{90745782-5D4B-4704-994C-0AE11D293270}.Release|Any CPU.Build.0 = Release|Any CPU
		{90745782-5D4B-4704-994C-0AE11D293270}.Release|Any CPU.Deploy.0 = Release|Any CPU
		{90745782-5D4B-4704-994C-0AE11D293270}.Release|iPhone.ActiveCfg = Release|Any CPU
		{90745782-5D4B-4704-994C-0AE11D293270}.Release|iPhoneSimulator.ActiveCfg = Release|Any CPU
		{90745782-5D4B-4704-994C-0AE11D293270}.Release|Mixed Platforms.ActiveCfg = Release|Any CPU
		{90745782-5D4B-4704-994C-0AE11D293270}.Release|Mixed Platforms.Build.0 = Release|Any CPU
		{90745782-5D4B-4704-994C-0AE11D293270}.Release|Mixed Platforms.Deploy.0 = Release|Any CPU
		{DCD09434-6B05-4949-AD0F-6C7C9E46CEC8}.Ad-Hoc|Any CPU.ActiveCfg = Ad-Hoc|iPhone
		{DCD09434-6B05-4949-AD0F-6C7C9E46CEC8}.Ad-Hoc|iPhone.ActiveCfg = Ad-Hoc|iPhone
		{DCD09434-6B05-4949-AD0F-6C7C9E46CEC8}.Ad-Hoc|iPhone.Build.0 = Ad-Hoc|iPhone
		{DCD09434-6B05-4949-AD0F-6C7C9E46CEC8}.Ad-Hoc|iPhoneSimulator.ActiveCfg = Ad-Hoc|iPhoneSimulator
		{DCD09434-6B05-4949-AD0F-6C7C9E46CEC8}.Ad-Hoc|iPhoneSimulator.Build.0 = Ad-Hoc|iPhoneSimulator
		{DCD09434-6B05-4949-AD0F-6C7C9E46CEC8}.Ad-Hoc|Mixed Platforms.ActiveCfg = Ad-Hoc|iPhone
		{DCD09434-6B05-4949-AD0F-6C7C9E46CEC8}.Ad-Hoc|Mixed Platforms.Build.0 = Ad-Hoc|iPhone
		{DCD09434-6B05-4949-AD0F-6C7C9E46CEC8}.AppStore|Any CPU.ActiveCfg = AppStore|iPhone
		{DCD09434-6B05-4949-AD0F-6C7C9E46CEC8}.AppStore|iPhone.ActiveCfg = AppStore|iPhone
		{DCD09434-6B05-4949-AD0F-6C7C9E46CEC8}.AppStore|iPhone.Build.0 = AppStore|iPhone
		{DCD09434-6B05-4949-AD0F-6C7C9E46CEC8}.AppStore|iPhoneSimulator.ActiveCfg = AppStore|iPhoneSimulator
		{DCD09434-6B05-4949-AD0F-6C7C9E46CEC8}.AppStore|iPhoneSimulator.Build.0 = AppStore|iPhoneSimulator
		{DCD09434-6B05-4949-AD0F-6C7C9E46CEC8}.AppStore|Mixed Platforms.ActiveCfg = AppStore|iPhone
		{DCD09434-6B05-4949-AD0F-6C7C9E46CEC8}.AppStore|Mixed Platforms.Build.0 = AppStore|iPhone
		{DCD09434-6B05-4949-AD0F-6C7C9E46CEC8}.Debug|Any CPU.ActiveCfg = Debug|iPhone
		{DCD09434-6B05-4949-AD0F-6C7C9E46CEC8}.Debug|iPhone.ActiveCfg = Debug|iPhone
		{DCD09434-6B05-4949-AD0F-6C7C9E46CEC8}.Debug|iPhone.Build.0 = Debug|iPhone
		{DCD09434-6B05-4949-AD0F-6C7C9E46CEC8}.Debug|iPhoneSimulator.ActiveCfg = Debug|iPhoneSimulator
		{DCD09434-6B05-4949-AD0F-6C7C9E46CEC8}.Debug|iPhoneSimulator.Build.0 = Debug|iPhoneSimulator
		{DCD09434-6B05-4949-AD0F-6C7C9E46CEC8}.Debug|Mixed Platforms.ActiveCfg = Debug|iPhone
		{DCD09434-6B05-4949-AD0F-6C7C9E46CEC8}.Debug|Mixed Platforms.Build.0 = Debug|iPhone
		{DCD09434-6B05-4949-AD0F-6C7C9E46CEC8}.Release|Any CPU.ActiveCfg = Release|iPhone
		{DCD09434-6B05-4949-AD0F-6C7C9E46CEC8}.Release|iPhone.ActiveCfg = Release|iPhone
		{DCD09434-6B05-4949-AD0F-6C7C9E46CEC8}.Release|iPhone.Build.0 = Release|iPhone
		{DCD09434-6B05-4949-AD0F-6C7C9E46CEC8}.Release|iPhoneSimulator.ActiveCfg = Release|iPhoneSimulator
		{DCD09434-6B05-4949-AD0F-6C7C9E46CEC8}.Release|iPhoneSimulator.Build.0 = Release|iPhoneSimulator
		{DCD09434-6B05-4949-AD0F-6C7C9E46CEC8}.Release|Mixed Platforms.ActiveCfg = Release|iPhone
		{DCD09434-6B05-4949-AD0F-6C7C9E46CEC8}.Release|Mixed Platforms.Build.0 = Release|iPhone
	EndGlobalSection
	GlobalSection(SolutionProperties) = preSolution
		HideSolutionNode = FALSE
	EndGlobalSection
EndGlobal
